
Microsoft Visual Studio Solution File, Format Version 12.00
# Visual Studio 2013
VisualStudioVersion = 12.0.0.0
MinimumVisualStudioVersion = 10.0.0.1
Project("{FAE04EC0-301F-11D3-BF4B-00C04F79EFBC}") = "ContractsAss1", "ContractsAss1/ContractsAss1.csproj", "{F5421B88-EAD2-4E44-B5F7-BDAC2B069B11}"
EndProject
Global
	GlobalSection(SolutionConfigurationPlatforms) = preSolution
		Debug|Any CPU = Debug|Any CPU
		Release|Any CPU = Release|Any CPU
	EndGlobalSection
	GlobalSection(ProjectConfigurationPlatforms) = postSolution
		{F5421B88-EAD2-4E44-B5F7-BDAC2B069B11}.Debug|Any CPU.ActiveCfg = Debug|Any CPU
		{F5421B88-EAD2-4E44-B5F7-BDAC2B069B11}.Debug|Any CPU.Build.0 = Debug|Any CPU
		{F5421B88-EAD2-4E44-B5F7-BDAC2B069B11}.Release|Any CPU.ActiveCfg = Release|Any CPU
		{F5421B88-EAD2-4E44-B5F7-BDAC2B069B11}.Release|Any CPU.Build.0 = Release|Any CPU
	EndGlobalSection
	GlobalSection(SolutionProperties) = preSolution
		HideSolutionNode = FALSE
	EndGlobalSection
EndGlobal
